
Microsoft Visual Studio Solution File, Format Version 12.00
# Visual Studio Version 16
VisualStudioVersion = 16.0.31829.152
MinimumVisualStudioVersion = 10.0.40219.1
Project("{FAE04EC0-301F-11D3-BF4B-00C04F79EFBC}") = "lab_8", "lab_8.csproj", "{17AFDF60-915A-40DF-950D-8AD075A1EDD3}"
EndProject
Global
	GlobalSection(SolutionConfigurationPlatforms) = preSolution
		Debug|Any CPU = Debug|Any CPU
		Release|Any CPU = Release|Any CPU
	EndGlobalSection
	GlobalSection(ProjectConfigurationPlatforms) = postSolution
		{17AFDF60-915A-40DF-950D-8AD075A1EDD3}.Debug|Any CPU.ActiveCfg = Debug|Any CPU
		{17AFDF60-915A-40DF-950D-8AD075A1EDD3}.Debug|Any CPU.Build.0 = Debug|Any CPU
		{17AFDF60-915A-40DF-950D-8AD075A1EDD3}.Release|Any CPU.ActiveCfg = Release|Any CPU
		{17AFDF60-915A-40DF-950D-8AD075A1EDD3}.Release|Any CPU.Build.0 = Release|Any CPU
	EndGlobalSection
	GlobalSection(SolutionProperties) = preSolution
		HideSolutionNode = FALSE
	EndGlobalSection
	GlobalSection(ExtensibilityGlobals) = postSolution
		SolutionGuid = {0B5EB166-1271-4075-AAE2-75B61DFF96D8}
	EndGlobalSection
EndGlobal
