
Microsoft Visual Studio Solution File, Format Version 12.00
# Visual Studio Version 16
VisualStudioVersion = 16.0.31829.152
MinimumVisualStudioVersion = 10.0.40219.1
Project("{FAE04EC0-301F-11D3-BF4B-00C04F79EFBC}") = "lab_2", "lab_2.csproj", "{745F1B34-CE27-4E62-A0FE-FA351A8CE314}"
EndProject
Global
	GlobalSection(SolutionConfigurationPlatforms) = preSolution
		Debug|Any CPU = Debug|Any CPU
		Release|Any CPU = Release|Any CPU
	EndGlobalSection
	GlobalSection(ProjectConfigurationPlatforms) = postSolution
		{745F1B34-CE27-4E62-A0FE-FA351A8CE314}.Debug|Any CPU.ActiveCfg = Debug|Any CPU
		{745F1B34-CE27-4E62-A0FE-FA351A8CE314}.Debug|Any CPU.Build.0 = Debug|Any CPU
		{745F1B34-CE27-4E62-A0FE-FA351A8CE314}.Release|Any CPU.ActiveCfg = Release|Any CPU
		{745F1B34-CE27-4E62-A0FE-FA351A8CE314}.Release|Any CPU.Build.0 = Release|Any CPU
	EndGlobalSection
	GlobalSection(SolutionProperties) = preSolution
		HideSolutionNode = FALSE
	EndGlobalSection
	GlobalSection(ExtensibilityGlobals) = postSolution
		SolutionGuid = {C35A6248-7A91-43CD-8D22-8362DE0D06EA}
	EndGlobalSection
EndGlobal
