
Microsoft Visual Studio Solution File, Format Version 12.00
# Visual Studio Version 16
VisualStudioVersion = 16.0.31229.75
MinimumVisualStudioVersion = 10.0.40219.1
Project("{8BC9CEB8-8B4A-11D0-8D11-00A0C91BC942}") = "lab_3", "lab_3.vcxproj", "{C4E01765-B796-4ED1-892D-20A10733EC88}"
EndProject
Global
	GlobalSection(SolutionConfigurationPlatforms) = preSolution
		Debug|x64 = Debug|x64
		Debug|x86 = Debug|x86
		Release|x64 = Release|x64
		Release|x86 = Release|x86
	EndGlobalSection
	GlobalSection(ProjectConfigurationPlatforms) = postSolution
		{C4E01765-B796-4ED1-892D-20A10733EC88}.Debug|x64.ActiveCfg = Debug|x64
		{C4E01765-B796-4ED1-892D-20A10733EC88}.Debug|x64.Build.0 = Debug|x64
		{C4E01765-B796-4ED1-892D-20A10733EC88}.Debug|x86.ActiveCfg = Debug|Win32
		{C4E01765-B796-4ED1-892D-20A10733EC88}.Debug|x86.Build.0 = Debug|Win32
		{C4E01765-B796-4ED1-892D-20A10733EC88}.Release|x64.ActiveCfg = Release|x64
		{C4E01765-B796-4ED1-892D-20A10733EC88}.Release|x64.Build.0 = Release|x64
		{C4E01765-B796-4ED1-892D-20A10733EC88}.Release|x86.ActiveCfg = Release|Win32
		{C4E01765-B796-4ED1-892D-20A10733EC88}.Release|x86.Build.0 = Release|Win32
	EndGlobalSection
	GlobalSection(SolutionProperties) = preSolution
		HideSolutionNode = FALSE
	EndGlobalSection
	GlobalSection(ExtensibilityGlobals) = postSolution
		SolutionGuid = {FE2F3A8E-9D60-490F-A912-87B9D35047CF}
	EndGlobalSection
EndGlobal
