
Microsoft Visual Studio Solution File, Format Version 12.00
# Visual Studio Version 16
VisualStudioVersion = 16.0.31829.152
MinimumVisualStudioVersion = 10.0.40219.1
Project("{FAE04EC0-301F-11D3-BF4B-00C04F79EFBC}") = "lab_11", "lab_11.csproj", "{733A0127-A1AA-4AED-8B8D-4832569597B0}"
EndProject
Global
	GlobalSection(SolutionConfigurationPlatforms) = preSolution
		Debug|Any CPU = Debug|Any CPU
		Release|Any CPU = Release|Any CPU
	EndGlobalSection
	GlobalSection(ProjectConfigurationPlatforms) = postSolution
		{733A0127-A1AA-4AED-8B8D-4832569597B0}.Debug|Any CPU.ActiveCfg = Debug|Any CPU
		{733A0127-A1AA-4AED-8B8D-4832569597B0}.Debug|Any CPU.Build.0 = Debug|Any CPU
		{733A0127-A1AA-4AED-8B8D-4832569597B0}.Release|Any CPU.ActiveCfg = Release|Any CPU
		{733A0127-A1AA-4AED-8B8D-4832569597B0}.Release|Any CPU.Build.0 = Release|Any CPU
	EndGlobalSection
	GlobalSection(SolutionProperties) = preSolution
		HideSolutionNode = FALSE
	EndGlobalSection
	GlobalSection(ExtensibilityGlobals) = postSolution
		SolutionGuid = {6FC46B3F-579C-4E93-A2AC-77E4569A8297}
	EndGlobalSection
EndGlobal
