
Microsoft Visual Studio Solution File, Format Version 12.00
# Visual Studio Version 16
VisualStudioVersion = 16.0.31829.152
MinimumVisualStudioVersion = 10.0.40219.1
Project("{FAE04EC0-301F-11D3-BF4B-00C04F79EFBC}") = "lab_10", "lab_10.csproj", "{C157D286-C347-43BA-870A-1571A7FA59BE}"
EndProject
Global
	GlobalSection(SolutionConfigurationPlatforms) = preSolution
		Debug|Any CPU = Debug|Any CPU
		Release|Any CPU = Release|Any CPU
	EndGlobalSection
	GlobalSection(ProjectConfigurationPlatforms) = postSolution
		{C157D286-C347-43BA-870A-1571A7FA59BE}.Debug|Any CPU.ActiveCfg = Debug|Any CPU
		{C157D286-C347-43BA-870A-1571A7FA59BE}.Debug|Any CPU.Build.0 = Debug|Any CPU
		{C157D286-C347-43BA-870A-1571A7FA59BE}.Release|Any CPU.ActiveCfg = Release|Any CPU
		{C157D286-C347-43BA-870A-1571A7FA59BE}.Release|Any CPU.Build.0 = Release|Any CPU
	EndGlobalSection
	GlobalSection(SolutionProperties) = preSolution
		HideSolutionNode = FALSE
	EndGlobalSection
	GlobalSection(ExtensibilityGlobals) = postSolution
		SolutionGuid = {24578DA1-2030-485B-8A79-3B4EEC99F4EE}
	EndGlobalSection
EndGlobal
